lockfileVersion: 5.4

specifiers:
  coc-html: '>=1.6.1'
  coc-json: '>=1.4.2'
  coc-lua: '>=1.0.1'
  coc-pyright: '>=1.1.260'
  coc-rust-analyzer: '>=0.65.3'
  coc-tsserver: '>=1.10.5'

dependencies:
  coc-html: 1.6.1
  coc-json: 1.4.2
  coc-lua: 1.0.1
  coc-pyright: 1.1.260
  coc-rust-analyzer: 0.65.3
  coc-tsserver: 1.10.5

packages:

  /chownr/2.0.0:
    resolution: {integrity: sha512-bIomtDF5KGpdogkLd9VspvFzk9KfpyyGlS8YFVZl7TGPBHL5snIOnxeshwVgPteQ9b4Eydl+pVbIyE1DcvCWgQ==}
    engines: {node: '>=10'}
    dev: false

  /coc-html/1.6.1:
    resolution: {integrity: sha512-HtFYiBx2ZIFairTsfDwLsMUTGwlH498VzAipWZeCOIGf7ZXetEbv0t+wr7IAy2KMIwhlmzoMsi5aHSlUupxGHA==}
    engines: {coc: ^0.0.80}
    dependencies:
      typescript: 4.7.4
    dev: false

  /coc-json/1.4.2:
    resolution: {integrity: sha512-o39cHt6BxsIEaAcd9bC8Smgej0mtYBWXG2vORGuBFFPylTqRzu96nUwlzVh+cPrPfpmrM5tv3LEtXo/urFNhSA==}
    engines: {coc: '>= 0.0.80'}
    dev: false

  /coc-lua/1.0.1:
    resolution: {integrity: sha512-GxjivPOH5uysx/Quetm4fjbrmhOZQ9k/ZyvhuVFHv7fsjquMzgpsAPRRQKo2p07aElWcBM+62ILpqf/arM5Mng==}
    engines: {coc: ^0.0.65}
    dependencies:
      tar: 6.1.11
      tslib: 2.4.0
      which: 2.0.2
    dev: false

  /coc-pyright/1.1.260:
    resolution: {integrity: sha512-hxc7c5Da7PWKCuSUBUANBJnwm8LEMBvU740WkwmFhhPWjzFfM4n8r3vaixhyO7AzA1HaaP1tYgAYC6mQQ8awPQ==}
    engines: {coc: ^0.0.80}
    dependencies:
      pyright: 1.1.261
    dev: false

  /coc-rust-analyzer/0.65.3:
    resolution: {integrity: sha512-uXpvXBQyS182KH8UBFvptolus+0BaLdl4iSmIifMy5IYNNnj7EJrBwQOz5kt/G1r8jAcYLVq0TVSkNHm8qoz3Q==}
    engines: {coc: ^0.0.80}
    dev: false

  /coc-tsserver/1.10.5:
    resolution: {integrity: sha512-XU+kNQLtKpEcjnf5KYXO+FdLJPrMJXU+FzZrXhniN3Zatv3z58BZr07dY01sG3LGV2of/9o58EZNs7rdSst1Pg==}
    engines: {coc: ^0.0.80}
    dependencies:
      typescript: 4.7.4
    dev: false

  /fs-minipass/2.1.0:
    resolution: {integrity: sha512-V/JgOLFCS+R6Vcq0slCuaeWEdNC3ouDlJMNIsacH2VtALiu9mV4LPrHc5cDl8k5aw6J8jwgWWpiTo5RYhmIzvg==}
    engines: {node: '>= 8'}
    dependencies:
      minipass: 3.3.4
    dev: false

  /isexe/2.0.0:
    resolution: {integrity: sha512-RHxMLp9lnKHGHRng9QFhRCMbYAcVpn69smSGcq3f36xjgVVWThj4qqLbTLlq7Ssj8B+fIQ1EuCEGI2lKsyQeIw==}
    dev: false

  /minipass/3.3.4:
    resolution: {integrity: sha512-I9WPbWHCGu8W+6k1ZiGpPu0GkoKBeorkfKNuAFBNS1HNFJvke82sxvI5bzcCNpWPorkOO5QQ+zomzzwRxejXiw==}
    engines: {node: '>=8'}
    dependencies:
      yallist: 4.0.0
    dev: false

  /minizlib/2.1.2:
    resolution: {integrity: sha512-bAxsR8BVfj60DWXHE3u30oHzfl4G7khkSuPW+qvpd7jFRHm7dLxOjUk1EHACJ/hxLY8phGJ0YhYHZo7jil7Qdg==}
    engines: {node: '>= 8'}
    dependencies:
      minipass: 3.3.4
      yallist: 4.0.0
    dev: false

  /mkdirp/1.0.4:
    resolution: {integrity: sha512-vVqVZQyf3WLx2Shd0qJ9xuvqgAyKPLAiqITEtqW0oIUjzo3PePDd6fW9iFz30ef7Ysp/oiWqbhszeGWW2T6Gzw==}
    engines: {node: '>=10'}
    hasBin: true
    dev: false

  /pyright/1.1.261:
    resolution: {integrity: sha512-p+5OCS104OQmpy4xxHjv8pRCxdC1TA14NOf3q8GjqzrBThFORtUFYe4ZDJrmNLqi58QWIXoBkqaKf0s1NPScFA==}
    engines: {node: '>=12.0.0'}
    hasBin: true
    dev: false

  /tar/6.1.11:
    resolution: {integrity: sha512-an/KZQzQUkZCkuoAA64hM92X0Urb6VpRhAFllDzz44U2mcD5scmT3zBc4VgVpkugF580+DQn8eAFSyoQt0tznA==}
    engines: {node: '>= 10'}
    dependencies:
      chownr: 2.0.0
      fs-minipass: 2.1.0
      minipass: 3.3.4
      minizlib: 2.1.2
      mkdirp: 1.0.4
      yallist: 4.0.0
    dev: false

  /tslib/2.4.0:
    resolution: {integrity: sha512-d6xOpEDfsi2CZVlPQzGeux8XMwLT9hssAsaPYExaQMuYskwb+x1x7J371tWlbBdWHroy99KnVB6qIkUbs5X3UQ==}
    dev: false

  /typescript/4.7.4:
    resolution: {integrity: sha512-C0WQT0gezHuw6AdY1M2jxUO83Rjf0HP7Sk1DtXj6j1EwkQNZrHAg2XPWlq62oqEhYvONq5pkC2Y9oPljWToLmQ==}
    engines: {node: '>=4.2.0'}
    hasBin: true
    dev: false

  /which/2.0.2:
    resolution: {integrity: sha512-BLI3Tl1TW3Pvl70l3yq3Y64i+awpwXqsGBYWkkqMtnbXgrMD+yj7rhW0kuEDxzJaYXGjEW5ogapKNMEKNMjibA==}
    engines: {node: '>= 8'}
    hasBin: true
    dependencies:
      isexe: 2.0.0
    dev: false

  /yallist/4.0.0:
    resolution: {integrity: sha512-3wdGidZyq5PB084XLES5TpOSRA3wjXAlIWMhum2kRcv/41Sn2emQ0dycQW4uZXLejwKvg6EsvbdlVL+FYEct7A==}
    dev: false
